
Microsoft Visual Studio Solution File, Format Version 12.00
# Visual Studio Version 16
VisualStudioVersion = 16.0.30128.36
MinimumVisualStudioVersion = 10.0.40219.1
Project("{FAE04EC0-301F-11D3-BF4B-00C04F79EFBC}") = "Smtih_Midterm", "Smtih_Midterm.csproj", "{B3FB1C55-0430-4D51-A642-11D23EFCB135}"
EndProject
Global
	GlobalSection(SolutionConfigurationPlatforms) = preSolution
		Debug|Any CPU = Debug|Any CPU
		Release|Any CPU = Release|Any CPU
	EndGlobalSection
	GlobalSection(ProjectConfigurationPlatforms) = postSolution
		{B3FB1C55-0430-4D51-A642-11D23EFCB135}.Debug|Any CPU.ActiveCfg = Debug|Any CPU
		{B3FB1C55-0430-4D51-A642-11D23EFCB135}.Debug|Any CPU.Build.0 = Debug|Any CPU
		{B3FB1C55-0430-4D51-A642-11D23EFCB135}.Release|Any CPU.ActiveCfg = Release|Any CPU
		{B3FB1C55-0430-4D51-A642-11D23EFCB135}.Release|Any CPU.Build.0 = Release|Any CPU
	EndGlobalSection
	GlobalSection(SolutionProperties) = preSolution
		HideSolutionNode = FALSE
	EndGlobalSection
	GlobalSection(ExtensibilityGlobals) = postSolution
		SolutionGuid = {54603FFC-B409-4A27-B6DE-45DD7422BD4F}
	EndGlobalSection
EndGlobal
